
Microsoft Visual Studio Solution File, Format Version 12.00
Project("{2150E333-8FDC-42A3-9474-1A3956D46DE8}") = "1_WorkerQueues", "1_WorkerQueues", "{038E801B-075B-4AA2-9D4E-B632C02B2933}"
EndProject
Project("{FAE04EC0-301F-11D3-BF4B-00C04F79EFBC}") = "Publisher", "1_WorkerQueues\Publisher\Publisher.csproj", "{E6E9CC35-8C79-4CF5-8958-5C5201375DA0}"
EndProject
Project("{FAE04EC0-301F-11D3-BF4B-00C04F79EFBC}") = "Worker", "1_WorkerQueues\Worker\Worker.csproj", "{970BD1AB-7D7C-4BB7-ACEA-8A673CF46550}"
EndProject
Project("{2150E333-8FDC-42A3-9474-1A3956D46DE8}") = "2_PubSub", "2_PubSub", "{194FEF10-B8A9-476E-BC24-A828D5B255C5}"
EndProject
Project("{2150E333-8FDC-42A3-9474-1A3956D46DE8}") = "3_Routing", "3_Routing", "{F5F37A72-0318-4A11-A345-8E8504018758}"
EndProject
Project("{2150E333-8FDC-42A3-9474-1A3956D46DE8}") = "4_Topics", "4_Topics", "{16B010C2-7787-4D39-9DF0-828D17F6F44C}"
EndProject
Project("{FAE04EC0-301F-11D3-BF4B-00C04F79EFBC}") = "Publisher", "2_PubSub\Publisher\Publisher.csproj", "{294BF6D2-8E05-4FF9-A5C5-2C0213AE9131}"
EndProject
Project("{FAE04EC0-301F-11D3-BF4B-00C04F79EFBC}") = "Consumer", "2_PubSub\Consumer\Consumer.csproj", "{158A1524-4252-45B2-85AA-2E4532CBD17A}"
EndProject
Project("{FAE04EC0-301F-11D3-BF4B-00C04F79EFBC}") = "Consumer", "3_Routing\Consumer\Consumer.csproj", "{9FB648C9-B900-4C6B-997E-430F9DF41AD3}"
EndProject
Project("{FAE04EC0-301F-11D3-BF4B-00C04F79EFBC}") = "Publisher", "3_Routing\Publisher\Publisher.csproj", "{CED6CC2A-B12F-433C-99AF-6F6C730A8B8E}"
EndProject
Project("{FAE04EC0-301F-11D3-BF4B-00C04F79EFBC}") = "Consumer", "4_Topics\Consumer\Consumer.csproj", "{0DB5D245-EF43-4928-8A5B-62B7D77B2FD4}"
EndProject
Project("{FAE04EC0-301F-11D3-BF4B-00C04F79EFBC}") = "Publisher", "4_Topics\Publisher\Publisher.csproj", "{207BF621-5E6E-46D9-B940-761255BE6E20}"
EndProject
Project("{2150E333-8FDC-42A3-9474-1A3956D46DE8}") = "7_Demo", "7_Demo", "{AAE9C451-A825-4A3B-8C8E-AFFD240AA95A}"
EndProject
Project("{FAE04EC0-301F-11D3-BF4B-00C04F79EFBC}") = "Shared", "7_Demo\Shared\Shared.csproj", "{37C0170F-761C-4B38-AF2F-AB80953A4862}"
EndProject
Project("{2150E333-8FDC-42A3-9474-1A3956D46DE8}") = "6_DeadLetter", "6_DeadLetter", "{9C29A261-A535-435F-A826-8F60BEA906C9}"
EndProject
Project("{FAE04EC0-301F-11D3-BF4B-00C04F79EFBC}") = "Publisher", "6_DeadLetter\Publisher\Publisher.csproj", "{9961B39C-CB57-4A6A-B325-CC642D1E795F}"
EndProject
Project("{FAE04EC0-301F-11D3-BF4B-00C04F79EFBC}") = "Worker", "6_DeadLetter\Worker\Worker.csproj", "{A568675D-50BD-436D-AD91-4DC487B09A7B}"
EndProject
Project("{FAE04EC0-301F-11D3-BF4B-00C04F79EFBC}") = "DeadLetter", "6_DeadLetter\DeadLetter\DeadLetter.csproj", "{01B37425-44E4-4CBA-8406-186671FA54A4}"
EndProject
Project("{2150E333-8FDC-42A3-9474-1A3956D46DE8}") = "Messages", "Messages", "{6E727179-3CAD-4BD6-BCAD-1EF6F26424FD}"
EndProject
Project("{FAE04EC0-301F-11D3-BF4B-00C04F79EFBC}") = "EventManager", "7_Demo\Messages\EventManager\EventManager.csproj", "{38DCE427-5E5C-48CB-8303-346A50CB1ED1}"
EndProject
Project("{2150E333-8FDC-42A3-9474-1A3956D46DE8}") = "Subscribers", "Subscribers", "{5BAEAF28-4A78-433E-ABF8-5713D607FFF5}"
EndProject
Project("{FAE04EC0-301F-11D3-BF4B-00C04F79EFBC}") = "Speaker", "7_Demo\Subscribers\Speaker\Speaker.csproj", "{78DB7291-829E-47C1-A57F-4414A36FC088}"
EndProject
Project("{FAE04EC0-301F-11D3-BF4B-00C04F79EFBC}") = "Trainer", "7_Demo\Subscribers\Trainer\Trainer.csproj", "{8F2AAF32-AD68-4B3A-9837-BC23D31C6EEF}"
EndProject
Project("{FAE04EC0-301F-11D3-BF4B-00C04F79EFBC}") = "Audience", "7_Demo\Subscribers\Audience\Audience.csproj", "{4C4E971F-3767-4B63-BB67-F9F468088142}"
EndProject
Project("{FAE04EC0-301F-11D3-BF4B-00C04F79EFBC}") = "Organizer", "7_Demo\Subscribers\Organizer\Organizer.csproj", "{A72A700E-F12F-47C9-BFCF-ABE9A48FB3E0}"
EndProject
Project("{FAE04EC0-301F-11D3-BF4B-00C04F79EFBC}") = "Producer", "7_Demo\Subscribers\Producer\Producer.csproj", "{E8AFFFE9-3CBC-43CA-A674-0757B310C5A9}"
EndProject
Project("{FAE04EC0-301F-11D3-BF4B-00C04F79EFBC}") = "Events", "7_Demo\Messages\Events\Events.csproj", "{077C0E8E-8547-4A6B-8933-6BC80C41ADE0}"
EndProject
Global
	GlobalSection(SolutionConfigurationPlatforms) = preSolution
		Debug|Any CPU = Debug|Any CPU
		Release|Any CPU = Release|Any CPU
	EndGlobalSection
	GlobalSection(ProjectConfigurationPlatforms) = postSolution
		{E6E9CC35-8C79-4CF5-8958-5C5201375DA0}.Debug|Any CPU.ActiveCfg = Debug|Any CPU
		{E6E9CC35-8C79-4CF5-8958-5C5201375DA0}.Debug|Any CPU.Build.0 = Debug|Any CPU
		{E6E9CC35-8C79-4CF5-8958-5C5201375DA0}.Release|Any CPU.ActiveCfg = Release|Any CPU
		{E6E9CC35-8C79-4CF5-8958-5C5201375DA0}.Release|Any CPU.Build.0 = Release|Any CPU
		{970BD1AB-7D7C-4BB7-ACEA-8A673CF46550}.Debug|Any CPU.ActiveCfg = Debug|Any CPU
		{970BD1AB-7D7C-4BB7-ACEA-8A673CF46550}.Debug|Any CPU.Build.0 = Debug|Any CPU
		{970BD1AB-7D7C-4BB7-ACEA-8A673CF46550}.Release|Any CPU.ActiveCfg = Release|Any CPU
		{970BD1AB-7D7C-4BB7-ACEA-8A673CF46550}.Release|Any CPU.Build.0 = Release|Any CPU
		{294BF6D2-8E05-4FF9-A5C5-2C0213AE9131}.Debug|Any CPU.ActiveCfg = Debug|Any CPU
		{294BF6D2-8E05-4FF9-A5C5-2C0213AE9131}.Debug|Any CPU.Build.0 = Debug|Any CPU
		{294BF6D2-8E05-4FF9-A5C5-2C0213AE9131}.Release|Any CPU.ActiveCfg = Release|Any CPU
		{294BF6D2-8E05-4FF9-A5C5-2C0213AE9131}.Release|Any CPU.Build.0 = Release|Any CPU
		{158A1524-4252-45B2-85AA-2E4532CBD17A}.Debug|Any CPU.ActiveCfg = Debug|Any CPU
		{158A1524-4252-45B2-85AA-2E4532CBD17A}.Debug|Any CPU.Build.0 = Debug|Any CPU
		{158A1524-4252-45B2-85AA-2E4532CBD17A}.Release|Any CPU.ActiveCfg = Release|Any CPU
		{158A1524-4252-45B2-85AA-2E4532CBD17A}.Release|Any CPU.Build.0 = Release|Any CPU
		{9FB648C9-B900-4C6B-997E-430F9DF41AD3}.Debug|Any CPU.ActiveCfg = Debug|Any CPU
		{9FB648C9-B900-4C6B-997E-430F9DF41AD3}.Debug|Any CPU.Build.0 = Debug|Any CPU
		{9FB648C9-B900-4C6B-997E-430F9DF41AD3}.Release|Any CPU.ActiveCfg = Release|Any CPU
		{9FB648C9-B900-4C6B-997E-430F9DF41AD3}.Release|Any CPU.Build.0 = Release|Any CPU
		{CED6CC2A-B12F-433C-99AF-6F6C730A8B8E}.Debug|Any CPU.ActiveCfg = Debug|Any CPU
		{CED6CC2A-B12F-433C-99AF-6F6C730A8B8E}.Debug|Any CPU.Build.0 = Debug|Any CPU
		{CED6CC2A-B12F-433C-99AF-6F6C730A8B8E}.Release|Any CPU.ActiveCfg = Release|Any CPU
		{CED6CC2A-B12F-433C-99AF-6F6C730A8B8E}.Release|Any CPU.Build.0 = Release|Any CPU
		{0DB5D245-EF43-4928-8A5B-62B7D77B2FD4}.Debug|Any CPU.ActiveCfg = Debug|Any CPU
		{0DB5D245-EF43-4928-8A5B-62B7D77B2FD4}.Debug|Any CPU.Build.0 = Debug|Any CPU
		{0DB5D245-EF43-4928-8A5B-62B7D77B2FD4}.Release|Any CPU.ActiveCfg = Release|Any CPU
		{0DB5D245-EF43-4928-8A5B-62B7D77B2FD4}.Release|Any CPU.Build.0 = Release|Any CPU
		{207BF621-5E6E-46D9-B940-761255BE6E20}.Debug|Any CPU.ActiveCfg = Debug|Any CPU
		{207BF621-5E6E-46D9-B940-761255BE6E20}.Debug|Any CPU.Build.0 = Debug|Any CPU
		{207BF621-5E6E-46D9-B940-761255BE6E20}.Release|Any CPU.ActiveCfg = Release|Any CPU
		{207BF621-5E6E-46D9-B940-761255BE6E20}.Release|Any CPU.Build.0 = Release|Any CPU
		{37C0170F-761C-4B38-AF2F-AB80953A4862}.Debug|Any CPU.ActiveCfg = Debug|Any CPU
		{37C0170F-761C-4B38-AF2F-AB80953A4862}.Debug|Any CPU.Build.0 = Debug|Any CPU
		{37C0170F-761C-4B38-AF2F-AB80953A4862}.Release|Any CPU.ActiveCfg = Release|Any CPU
		{37C0170F-761C-4B38-AF2F-AB80953A4862}.Release|Any CPU.Build.0 = Release|Any CPU
		{9961B39C-CB57-4A6A-B325-CC642D1E795F}.Debug|Any CPU.ActiveCfg = Debug|Any CPU
		{9961B39C-CB57-4A6A-B325-CC642D1E795F}.Debug|Any CPU.Build.0 = Debug|Any CPU
		{9961B39C-CB57-4A6A-B325-CC642D1E795F}.Release|Any CPU.ActiveCfg = Release|Any CPU
		{9961B39C-CB57-4A6A-B325-CC642D1E795F}.Release|Any CPU.Build.0 = Release|Any CPU
		{A568675D-50BD-436D-AD91-4DC487B09A7B}.Debug|Any CPU.ActiveCfg = Debug|Any CPU
		{A568675D-50BD-436D-AD91-4DC487B09A7B}.Debug|Any CPU.Build.0 = Debug|Any CPU
		{A568675D-50BD-436D-AD91-4DC487B09A7B}.Release|Any CPU.ActiveCfg = Release|Any CPU
		{A568675D-50BD-436D-AD91-4DC487B09A7B}.Release|Any CPU.Build.0 = Release|Any CPU
		{01B37425-44E4-4CBA-8406-186671FA54A4}.Debug|Any CPU.ActiveCfg = Debug|Any CPU
		{01B37425-44E4-4CBA-8406-186671FA54A4}.Debug|Any CPU.Build.0 = Debug|Any CPU
		{01B37425-44E4-4CBA-8406-186671FA54A4}.Release|Any CPU.ActiveCfg = Release|Any CPU
		{01B37425-44E4-4CBA-8406-186671FA54A4}.Release|Any CPU.Build.0 = Release|Any CPU
		{38DCE427-5E5C-48CB-8303-346A50CB1ED1}.Debug|Any CPU.ActiveCfg = Debug|Any CPU
		{38DCE427-5E5C-48CB-8303-346A50CB1ED1}.Debug|Any CPU.Build.0 = Debug|Any CPU
		{38DCE427-5E5C-48CB-8303-346A50CB1ED1}.Release|Any CPU.ActiveCfg = Release|Any CPU
		{38DCE427-5E5C-48CB-8303-346A50CB1ED1}.Release|Any CPU.Build.0 = Release|Any CPU
		{78DB7291-829E-47C1-A57F-4414A36FC088}.Debug|Any CPU.ActiveCfg = Debug|Any CPU
		{78DB7291-829E-47C1-A57F-4414A36FC088}.Debug|Any CPU.Build.0 = Debug|Any CPU
		{78DB7291-829E-47C1-A57F-4414A36FC088}.Release|Any CPU.ActiveCfg = Release|Any CPU
		{78DB7291-829E-47C1-A57F-4414A36FC088}.Release|Any CPU.Build.0 = Release|Any CPU
		{8F2AAF32-AD68-4B3A-9837-BC23D31C6EEF}.Debug|Any CPU.ActiveCfg = Debug|Any CPU
		{8F2AAF32-AD68-4B3A-9837-BC23D31C6EEF}.Debug|Any CPU.Build.0 = Debug|Any CPU
		{8F2AAF32-AD68-4B3A-9837-BC23D31C6EEF}.Release|Any CPU.ActiveCfg = Release|Any CPU
		{8F2AAF32-AD68-4B3A-9837-BC23D31C6EEF}.Release|Any CPU.Build.0 = Release|Any CPU
		{4C4E971F-3767-4B63-BB67-F9F468088142}.Debug|Any CPU.ActiveCfg = Debug|Any CPU
		{4C4E971F-3767-4B63-BB67-F9F468088142}.Debug|Any CPU.Build.0 = Debug|Any CPU
		{4C4E971F-3767-4B63-BB67-F9F468088142}.Release|Any CPU.ActiveCfg = Release|Any CPU
		{4C4E971F-3767-4B63-BB67-F9F468088142}.Release|Any CPU.Build.0 = Release|Any CPU
		{A72A700E-F12F-47C9-BFCF-ABE9A48FB3E0}.Debug|Any CPU.ActiveCfg = Debug|Any CPU
		{A72A700E-F12F-47C9-BFCF-ABE9A48FB3E0}.Debug|Any CPU.Build.0 = Debug|Any CPU
		{A72A700E-F12F-47C9-BFCF-ABE9A48FB3E0}.Release|Any CPU.ActiveCfg = Release|Any CPU
		{A72A700E-F12F-47C9-BFCF-ABE9A48FB3E0}.Release|Any CPU.Build.0 = Release|Any CPU
		{E8AFFFE9-3CBC-43CA-A674-0757B310C5A9}.Debug|Any CPU.ActiveCfg = Debug|Any CPU
		{E8AFFFE9-3CBC-43CA-A674-0757B310C5A9}.Debug|Any CPU.Build.0 = Debug|Any CPU
		{E8AFFFE9-3CBC-43CA-A674-0757B310C5A9}.Release|Any CPU.ActiveCfg = Release|Any CPU
		{E8AFFFE9-3CBC-43CA-A674-0757B310C5A9}.Release|Any CPU.Build.0 = Release|Any CPU
		{077C0E8E-8547-4A6B-8933-6BC80C41ADE0}.Debug|Any CPU.ActiveCfg = Debug|Any CPU
		{077C0E8E-8547-4A6B-8933-6BC80C41ADE0}.Debug|Any CPU.Build.0 = Debug|Any CPU
		{077C0E8E-8547-4A6B-8933-6BC80C41ADE0}.Release|Any CPU.ActiveCfg = Release|Any CPU
		{077C0E8E-8547-4A6B-8933-6BC80C41ADE0}.Release|Any CPU.Build.0 = Release|Any CPU
	EndGlobalSection
	GlobalSection(NestedProjects) = preSolution
		{E6E9CC35-8C79-4CF5-8958-5C5201375DA0} = {038E801B-075B-4AA2-9D4E-B632C02B2933}
		{970BD1AB-7D7C-4BB7-ACEA-8A673CF46550} = {038E801B-075B-4AA2-9D4E-B632C02B2933}
		{294BF6D2-8E05-4FF9-A5C5-2C0213AE9131} = {194FEF10-B8A9-476E-BC24-A828D5B255C5}
		{158A1524-4252-45B2-85AA-2E4532CBD17A} = {194FEF10-B8A9-476E-BC24-A828D5B255C5}
		{9FB648C9-B900-4C6B-997E-430F9DF41AD3} = {F5F37A72-0318-4A11-A345-8E8504018758}
		{CED6CC2A-B12F-433C-99AF-6F6C730A8B8E} = {F5F37A72-0318-4A11-A345-8E8504018758}
		{0DB5D245-EF43-4928-8A5B-62B7D77B2FD4} = {16B010C2-7787-4D39-9DF0-828D17F6F44C}
		{207BF621-5E6E-46D9-B940-761255BE6E20} = {16B010C2-7787-4D39-9DF0-828D17F6F44C}
		{37C0170F-761C-4B38-AF2F-AB80953A4862} = {AAE9C451-A825-4A3B-8C8E-AFFD240AA95A}
		{9961B39C-CB57-4A6A-B325-CC642D1E795F} = {9C29A261-A535-435F-A826-8F60BEA906C9}
		{A568675D-50BD-436D-AD91-4DC487B09A7B} = {9C29A261-A535-435F-A826-8F60BEA906C9}
		{01B37425-44E4-4CBA-8406-186671FA54A4} = {9C29A261-A535-435F-A826-8F60BEA906C9}
		{6E727179-3CAD-4BD6-BCAD-1EF6F26424FD} = {AAE9C451-A825-4A3B-8C8E-AFFD240AA95A}
		{38DCE427-5E5C-48CB-8303-346A50CB1ED1} = {6E727179-3CAD-4BD6-BCAD-1EF6F26424FD}
		{5BAEAF28-4A78-433E-ABF8-5713D607FFF5} = {AAE9C451-A825-4A3B-8C8E-AFFD240AA95A}
		{78DB7291-829E-47C1-A57F-4414A36FC088} = {5BAEAF28-4A78-433E-ABF8-5713D607FFF5}
		{8F2AAF32-AD68-4B3A-9837-BC23D31C6EEF} = {5BAEAF28-4A78-433E-ABF8-5713D607FFF5}
		{4C4E971F-3767-4B63-BB67-F9F468088142} = {5BAEAF28-4A78-433E-ABF8-5713D607FFF5}
		{A72A700E-F12F-47C9-BFCF-ABE9A48FB3E0} = {5BAEAF28-4A78-433E-ABF8-5713D607FFF5}
		{E8AFFFE9-3CBC-43CA-A674-0757B310C5A9} = {5BAEAF28-4A78-433E-ABF8-5713D607FFF5}
		{077C0E8E-8547-4A6B-8933-6BC80C41ADE0} = {6E727179-3CAD-4BD6-BCAD-1EF6F26424FD}
	EndGlobalSection
EndGlobal
